
Microsoft Visual Studio Solution File, Format Version 12.00
# Visual Studio Version 16
VisualStudioVersion = 16.0.32630.194
MinimumVisualStudioVersion = 10.0.40219.1
Project("{9A19103F-16F7-4668-BE54-9A1E7A4F7556}") = "DreyBikeShop", "DreyBikeShop.csproj", "{9F4A794C-CE4E-430D-87EE-7762725B231B}"
EndProject
Project("{2150E333-8FDC-42A3-9474-1A3956D46DE8}") = "Solution Items", "Solution Items", "{D90AB89E-E77B-4462-B3AE-FBD10A65C0DF}"
	ProjectSection(SolutionItems) = preProject
		.editorconfig = .editorconfig
	EndProjectSection
EndProject
Global
	GlobalSection(SolutionConfigurationPlatforms) = preSolution
		Debug|Any CPU = Debug|Any CPU
		Release|Any CPU = Release|Any CPU
	EndGlobalSection
	GlobalSection(ProjectConfigurationPlatforms) = postSolution
		{9F4A794C-CE4E-430D-87EE-7762725B231B}.Debug|Any CPU.ActiveCfg = Debug|Any CPU
		{9F4A794C-CE4E-430D-87EE-7762725B231B}.Debug|Any CPU.Build.0 = Debug|Any CPU
		{9F4A794C-CE4E-430D-87EE-7762725B231B}.Release|Any CPU.ActiveCfg = Release|Any CPU
		{9F4A794C-CE4E-430D-87EE-7762725B231B}.Release|Any CPU.Build.0 = Release|Any CPU
	EndGlobalSection
	GlobalSection(SolutionProperties) = preSolution
		HideSolutionNode = FALSE
	EndGlobalSection
	GlobalSection(ExtensibilityGlobals) = postSolution
		SolutionGuid = {CECA7597-AF42-4213-88CE-B603DC148270}
	EndGlobalSection
EndGlobal
